
Microsoft Visual Studio Solution File, Format Version 12.00
# Visual Studio 15
VisualStudioVersion = 15.0.28307.271
MinimumVisualStudioVersion = 10.0.40219.1
Project("{FAE04EC0-301F-11D3-BF4B-00C04F79EFBC}") = "EFDBContextExample", "EFDBContextExample\EFDBContextExample.csproj", "{D31F8FE9-570B-4572-A8A9-D7E7ECBD0EC3}"
EndProject
Project("{FAE04EC0-301F-11D3-BF4B-00C04F79EFBC}") = "DALServices", "DALServices\DALServices.csproj", "{ADF5C1CE-A9D6-461B-BD0A-1212730685D5}"
EndProject
Project("{FAE04EC0-301F-11D3-BF4B-00C04F79EFBC}") = "Entity", "Entity\Entity.csproj", "{35B5DCAF-2852-4123-B1ED-6376E1BB02D6}"
EndProject
Project("{00D1A9C2-B5F0-4AF3-8072-F6C62B433612}") = "ASGWebLog", "ASGWebLog\ASGWebLog.sqlproj", "{F8E225FE-DA53-4003-A478-4CB031A042DF}"
EndProject
Global
	GlobalSection(SolutionConfigurationPlatforms) = preSolution
		Debug|Any CPU = Debug|Any CPU
		Release|Any CPU = Release|Any CPU
	EndGlobalSection
	GlobalSection(ProjectConfigurationPlatforms) = postSolution
		{D31F8FE9-570B-4572-A8A9-D7E7ECBD0EC3}.Debug|Any CPU.ActiveCfg = Debug|Any CPU
		{D31F8FE9-570B-4572-A8A9-D7E7ECBD0EC3}.Debug|Any CPU.Build.0 = Debug|Any CPU
		{D31F8FE9-570B-4572-A8A9-D7E7ECBD0EC3}.Release|Any CPU.ActiveCfg = Release|Any CPU
		{D31F8FE9-570B-4572-A8A9-D7E7ECBD0EC3}.Release|Any CPU.Build.0 = Release|Any CPU
		{ADF5C1CE-A9D6-461B-BD0A-1212730685D5}.Debug|Any CPU.ActiveCfg = Debug|Any CPU
		{ADF5C1CE-A9D6-461B-BD0A-1212730685D5}.Debug|Any CPU.Build.0 = Debug|Any CPU
		{ADF5C1CE-A9D6-461B-BD0A-1212730685D5}.Release|Any CPU.ActiveCfg = Release|Any CPU
		{ADF5C1CE-A9D6-461B-BD0A-1212730685D5}.Release|Any CPU.Build.0 = Release|Any CPU
		{35B5DCAF-2852-4123-B1ED-6376E1BB02D6}.Debug|Any CPU.ActiveCfg = Debug|Any CPU
		{35B5DCAF-2852-4123-B1ED-6376E1BB02D6}.Debug|Any CPU.Build.0 = Debug|Any CPU
		{35B5DCAF-2852-4123-B1ED-6376E1BB02D6}.Release|Any CPU.ActiveCfg = Release|Any CPU
		{35B5DCAF-2852-4123-B1ED-6376E1BB02D6}.Release|Any CPU.Build.0 = Release|Any CPU
		{F8E225FE-DA53-4003-A478-4CB031A042DF}.Debug|Any CPU.ActiveCfg = Debug|Any CPU
		{F8E225FE-DA53-4003-A478-4CB031A042DF}.Debug|Any CPU.Build.0 = Debug|Any CPU
		{F8E225FE-DA53-4003-A478-4CB031A042DF}.Debug|Any CPU.Deploy.0 = Debug|Any CPU
		{F8E225FE-DA53-4003-A478-4CB031A042DF}.Release|Any CPU.ActiveCfg = Release|Any CPU
		{F8E225FE-DA53-4003-A478-4CB031A042DF}.Release|Any CPU.Build.0 = Release|Any CPU
		{F8E225FE-DA53-4003-A478-4CB031A042DF}.Release|Any CPU.Deploy.0 = Release|Any CPU
	EndGlobalSection
	GlobalSection(SolutionProperties) = preSolution
		HideSolutionNode = FALSE
	EndGlobalSection
	GlobalSection(ExtensibilityGlobals) = postSolution
		SolutionGuid = {D63A3AF7-F3BB-4EBD-AD97-AD1006270359}
	EndGlobalSection
EndGlobal
